// !$*UTF8*$!
{
	archiveVersion = 1;
	classes = {
	};
	objectVersion = 56;
	objects = {

/* Begin PBXBuildFile section */
		4D04A85E2C7E070B007804E6 /* Caritas_iBorregOSApp.swift in Sources */ = {isa = PBXBuildFile; fileRef = 4D04A85D2C7E070B007804E6 /* Caritas_iBorregOSApp.swift */; };
		4D04A8602C7E070B007804E6 /* ContentView.swift in Sources */ = {isa = PBXBuildFile; fileRef = 4D04A85F2C7E070B007804E6 /* ContentView.swift */; };
		4D04A8622C7E070D007804E6 /* Assets.xcassets in Resources */ = {isa = PBXBuildFile; fileRef = 4D04A8612C7E070D007804E6 /* Assets.xcassets */; };
		4D04A8652C7E070D007804E6 /* Preview Assets.xcassets in Resources */ = {isa = PBXBuildFile; fileRef = 4D04A8642C7E070D007804E6 /* Preview Assets.xcassets */; };
		4D04A86F2C7E070E007804E6 /* Caritas_iBorregOSTests.swift in Sources */ = {isa = PBXBuildFile; fileRef = 4D04A86E2C7E070E007804E6 /* Caritas_iBorregOSTests.swift */; };
		4D04A8792C7E070E007804E6 /* Caritas_iBorregOSUITests.swift in Sources */ = {isa = PBXBuildFile; fileRef = 4D04A8782C7E070E007804E6 /* Caritas_iBorregOSUITests.swift */; };
		4D04A87B2C7E070E007804E6 /* Caritas_iBorregOSUITestsLaunchTests.swift in Sources */ = {isa = PBXBuildFile; fileRef = 4D04A87A2C7E070E007804E6 /* Caritas_iBorregOSUITestsLaunchTests.swift */; };
		4D2CDE042CAF374800E2CC26 /* Environment.swift in Sources */ = {isa = PBXBuildFile; fileRef = 4D2CDE032CAF374800E2CC26 /* Environment.swift */; };
		4D2CDE062CB02BF500E2CC26 /* EventDetailView.swift in Sources */ = {isa = PBXBuildFile; fileRef = 4D2CDE052CB02BF500E2CC26 /* EventDetailView.swift */; };
		4D5960432C7E7EBA0056C298 /* EventosView.swift in Sources */ = {isa = PBXBuildFile; fileRef = 4D5960422C7E7EBA0056C298 /* EventosView.swift */; };
		4D5960452C7E7EF30056C298 /* EventCardView.swift in Sources */ = {isa = PBXBuildFile; fileRef = 4D5960442C7E7EF30056C298 /* EventCardView.swift */; };
		4D59604B2C7F5A8B0056C298 /* Colors.swift in Sources */ = {isa = PBXBuildFile; fileRef = 4D59604A2C7F5A8B0056C298 /* Colors.swift */; };
		4D59604D2C7F5AAC0056C298 /* TabView.swift in Sources */ = {isa = PBXBuildFile; fileRef = 4D59604C2C7F5AAC0056C298 /* TabView.swift */; };
		4D59604F2C7F731E0056C298 /* ProgressView.swift in Sources */ = {isa = PBXBuildFile; fileRef = 4D59604E2C7F731E0056C298 /* ProgressView.swift */; };
		4D5960922C7F89B80056C298 /* TiendaView.swift in Sources */ = {isa = PBXBuildFile; fileRef = 4D5960912C7F89B80056C298 /* TiendaView.swift */; };
		4D5960942C7F89D60056C298 /* RetosView.swift in Sources */ = {isa = PBXBuildFile; fileRef = 4D5960932C7F89D60056C298 /* RetosView.swift */; };
		4D90B03C2C800B0300470D91 /* PesoEnMesesData.swift in Sources */ = {isa = PBXBuildFile; fileRef = 4D90B03B2C800B0300470D91 /* PesoEnMesesData.swift */; };
		4D90B03E2C800B4A00470D91 /* PesoAlturaView.swift in Sources */ = {isa = PBXBuildFile; fileRef = 4D90B03D2C800B4A00470D91 /* PesoAlturaView.swift */; };
		4D9F56792CA4A43900C41A4E /* TiendaViewModel.swift in Sources */ = {isa = PBXBuildFile; fileRef = 4D9F56782CA4A43900C41A4E /* TiendaViewModel.swift */; };
		4D9F567B2CA4A49100C41A4E /* BeneficioDetailView.swift in Sources */ = {isa = PBXBuildFile; fileRef = 4D9F567A2CA4A49100C41A4E /* BeneficioDetailView.swift */; };
		4DF739212CA35DA400BF5788 /* EventosViewModel.swift in Sources */ = {isa = PBXBuildFile; fileRef = 4DF739202CA35DA400BF5788 /* EventosViewModel.swift */; };
		790C89232C83C52C0030828B /* obtenRetosTest.swift in Sources */ = {isa = PBXBuildFile; fileRef = 790C89222C83C52C0030828B /* obtenRetosTest.swift */; };
		790C89252C83C7540030828B /* obtenBeneficiosTest.swift in Sources */ = {isa = PBXBuildFile; fileRef = 790C89242C83C7540030828B /* obtenBeneficiosTest.swift */; };
		79274E962C7E8950006A0E26 /* FotoView.swift in Sources */ = {isa = PBXBuildFile; fileRef = 79274E952C7E8950006A0E26 /* FotoView.swift */; };
		7930CF132C7E6B2E008A55C6 /* PerfilView.swift in Sources */ = {isa = PBXBuildFile; fileRef = 7930CF122C7E6B2E008A55C6 /* PerfilView.swift */; };
		79630D292C83BA60007E94AA /* BeneficioCardView.swift in Sources */ = {isa = PBXBuildFile; fileRef = 79630D282C83BA60007E94AA /* BeneficioCardView.swift */; };
		798330D02C839B790054E21A /* USUARIOS.swift in Sources */ = {isa = PBXBuildFile; fileRef = 798330CF2C839B790054E21A /* USUARIOS.swift */; };
		798330D22C839BA60054E21A /* EVENTOS.swift in Sources */ = {isa = PBXBuildFile; fileRef = 798330D12C839BA60054E21A /* EVENTOS.swift */; };
		798330D42C839C3A0054E21A /* BENEFICIOS.swift in Sources */ = {isa = PBXBuildFile; fileRef = 798330D32C839C3A0054E21A /* BENEFICIOS.swift */; };
		798330D62C839CBC0054E21A /* RETOS.swift in Sources */ = {isa = PBXBuildFile; fileRef = 798330D52C839CBC0054E21A /* RETOS.swift */; };
		79A5C0392CA4BCF800271DEB /* UsuariosViewModel.swift in Sources */ = {isa = PBXBuildFile; fileRef = 79A5C0382CA4BCF800271DEB /* UsuariosViewModel.swift */; };
/* End PBXBuildFile section */

/* Begin PBXContainerItemProxy section */
		4D04A86B2C7E070E007804E6 /* PBXContainerItemProxy */ = {
			isa = PBXContainerItemProxy;
			containerPortal = 4D04A8522C7E070B007804E6 /* Project object */;
			proxyType = 1;
			remoteGlobalIDString = 4D04A8592C7E070B007804E6;
			remoteInfo = Caritas_iBorregOS;
		};
		4D04A8752C7E070E007804E6 /* PBXContainerItemProxy */ = {
			isa = PBXContainerItemProxy;
			containerPortal = 4D04A8522C7E070B007804E6 /* Project object */;
			proxyType = 1;
			remoteGlobalIDString = 4D04A8592C7E070B007804E6;
			remoteInfo = Caritas_iBorregOS;
		};
/* End PBXContainerItemProxy section */

/* Begin PBXFileReference section */
		4D04A85A2C7E070B007804E6 /* Caritas_iBorregOS.app */ = {isa = PBXFileReference; explicitFileType = wrapper.application; includeInIndex = 0; path = Caritas_iBorregOS.app; sourceTree = BUILT_PRODUCTS_DIR; };
		4D04A85D2C7E070B007804E6 /* Caritas_iBorregOSApp.swift */ = {isa = PBXFileReference; lastKnownFileType = sourcecode.swift; path = Caritas_iBorregOSApp.swift; sourceTree = "<group>"; };
		4D04A85F2C7E070B007804E6 /* ContentView.swift */ = {isa = PBXFileReference; lastKnownFileType = sourcecode.swift; path = ContentView.swift; sourceTree = "<group>"; };
		4D04A8612C7E070D007804E6 /* Assets.xcassets */ = {isa = PBXFileReference; lastKnownFileType = folder.assetcatalog; path = Assets.xcassets; sourceTree = "<group>"; };
		4D04A8642C7E070D007804E6 /* Preview Assets.xcassets */ = {isa = PBXFileReference; lastKnownFileType = folder.assetcatalog; path = "Preview Assets.xcassets"; sourceTree = "<group>"; };
		4D04A86A2C7E070E007804E6 /* Caritas_iBorregOSTests.xctest */ = {isa = PBXFileReference; explicitFileType = wrapper.cfbundle; includeInIndex = 0; path = Caritas_iBorregOSTests.xctest; sourceTree = BUILT_PRODUCTS_DIR; };
		4D04A86E2C7E070E007804E6 /* Caritas_iBorregOSTests.swift */ = {isa = PBXFileReference; lastKnownFileType = sourcecode.swift; path = Caritas_iBorregOSTests.swift; sourceTree = "<group>"; };
		4D04A8742C7E070E007804E6 /* Caritas_iBorregOSUITests.xctest */ = {isa = PBXFileReference; explicitFileType = wrapper.cfbundle; includeInIndex = 0; path = Caritas_iBorregOSUITests.xctest; sourceTree = BUILT_PRODUCTS_DIR; };
		4D04A8782C7E070E007804E6 /* Caritas_iBorregOSUITests.swift */ = {isa = PBXFileReference; lastKnownFileType = sourcecode.swift; path = Caritas_iBorregOSUITests.swift; sourceTree = "<group>"; };
		4D04A87A2C7E070E007804E6 /* Caritas_iBorregOSUITestsLaunchTests.swift */ = {isa = PBXFileReference; lastKnownFileType = sourcecode.swift; path = Caritas_iBorregOSUITestsLaunchTests.swift; sourceTree = "<group>"; };
		4D2CDE032CAF374800E2CC26 /* Environment.swift */ = {isa = PBXFileReference; lastKnownFileType = sourcecode.swift; path = Environment.swift; sourceTree = "<group>"; };
		4D2CDE052CB02BF500E2CC26 /* EventDetailView.swift */ = {isa = PBXFileReference; lastKnownFileType = sourcecode.swift; path = EventDetailView.swift; sourceTree = "<group>"; };
		4D5960422C7E7EBA0056C298 /* EventosView.swift */ = {isa = PBXFileReference; lastKnownFileType = sourcecode.swift; path = EventosView.swift; sourceTree = "<group>"; };
		4D5960442C7E7EF30056C298 /* EventCardView.swift */ = {isa = PBXFileReference; lastKnownFileType = sourcecode.swift; path = EventCardView.swift; sourceTree = "<group>"; };
		4D59604A2C7F5A8B0056C298 /* Colors.swift */ = {isa = PBXFileReference; lastKnownFileType = sourcecode.swift; path = Colors.swift; sourceTree = "<group>"; };
		4D59604C2C7F5AAC0056C298 /* TabView.swift */ = {isa = PBXFileReference; lastKnownFileType = sourcecode.swift; path = TabView.swift; sourceTree = "<group>"; };
		4D59604E2C7F731E0056C298 /* ProgressView.swift */ = {isa = PBXFileReference; lastKnownFileType = sourcecode.swift; path = ProgressView.swift; sourceTree = "<group>"; };
		4D5960912C7F89B80056C298 /* TiendaView.swift */ = {isa = PBXFileReference; lastKnownFileType = sourcecode.swift; path = TiendaView.swift; sourceTree = "<group>"; };
		4D5960932C7F89D60056C298 /* RetosView.swift */ = {isa = PBXFileReference; lastKnownFileType = sourcecode.swift; path = RetosView.swift; sourceTree = "<group>"; };
		4D90B03B2C800B0300470D91 /* PesoEnMesesData.swift */ = {isa = PBXFileReference; lastKnownFileType = sourcecode.swift; path = PesoEnMesesData.swift; sourceTree = "<group>"; };
		4D90B03D2C800B4A00470D91 /* PesoAlturaView.swift */ = {isa = PBXFileReference; lastKnownFileType = sourcecode.swift; path = PesoAlturaView.swift; sourceTree = "<group>"; };
		4D9F56782CA4A43900C41A4E /* TiendaViewModel.swift */ = {isa = PBXFileReference; lastKnownFileType = sourcecode.swift; path = TiendaViewModel.swift; sourceTree = "<group>"; };
		4D9F567A2CA4A49100C41A4E /* BeneficioDetailView.swift */ = {isa = PBXFileReference; lastKnownFileType = sourcecode.swift; path = BeneficioDetailView.swift; sourceTree = "<group>"; };
		4DF739202CA35DA400BF5788 /* EventosViewModel.swift */ = {isa = PBXFileReference; lastKnownFileType = sourcecode.swift; path = EventosViewModel.swift; sourceTree = "<group>"; };
		790C89222C83C52C0030828B /* obtenRetosTest.swift */ = {isa = PBXFileReference; lastKnownFileType = sourcecode.swift; path = obtenRetosTest.swift; sourceTree = "<group>"; };
		790C89242C83C7540030828B /* obtenBeneficiosTest.swift */ = {isa = PBXFileReference; lastKnownFileType = sourcecode.swift; path = obtenBeneficiosTest.swift; sourceTree = "<group>"; };
		79274E952C7E8950006A0E26 /* FotoView.swift */ = {isa = PBXFileReference; lastKnownFileType = sourcecode.swift; path = FotoView.swift; sourceTree = "<group>"; };
		7930CF122C7E6B2E008A55C6 /* PerfilView.swift */ = {isa = PBXFileReference; lastKnownFileType = sourcecode.swift; path = PerfilView.swift; sourceTree = "<group>"; };
		79630D282C83BA60007E94AA /* BeneficioCardView.swift */ = {isa = PBXFileReference; lastKnownFileType = sourcecode.swift; path = BeneficioCardView.swift; sourceTree = "<group>"; };
		798330CF2C839B790054E21A /* USUARIOS.swift */ = {isa = PBXFileReference; lastKnownFileType = sourcecode.swift; path = USUARIOS.swift; sourceTree = "<group>"; };
		798330D12C839BA60054E21A /* EVENTOS.swift */ = {isa = PBXFileReference; lastKnownFileType = sourcecode.swift; path = EVENTOS.swift; sourceTree = "<group>"; };
		798330D32C839C3A0054E21A /* BENEFICIOS.swift */ = {isa = PBXFileReference; lastKnownFileType = sourcecode.swift; path = BENEFICIOS.swift; sourceTree = "<group>"; };
		798330D52C839CBC0054E21A /* RETOS.swift */ = {isa = PBXFileReference; lastKnownFileType = sourcecode.swift; path = RETOS.swift; sourceTree = "<group>"; };
		79A5C0382CA4BCF800271DEB /* UsuariosViewModel.swift */ = {isa = PBXFileReference; lastKnownFileType = sourcecode.swift; path = UsuariosViewModel.swift; sourceTree = "<group>"; };
/* End PBXFileReference section */

/* Begin PBXFrameworksBuildPhase section */
		4D04A8572C7E070B007804E6 /* Frameworks */ = {
			isa = PBXFrameworksBuildPhase;
			buildActionMask = 2147483647;
			files = (
			);
			runOnlyForDeploymentPostprocessing = 0;
		};
		4D04A8672C7E070E007804E6 /* Frameworks */ = {
			isa = PBXFrameworksBuildPhase;
			buildActionMask = 2147483647;
			files = (
			);
			runOnlyForDeploymentPostprocessing = 0;
		};
		4D04A8712C7E070E007804E6 /* Frameworks */ = {
			isa = PBXFrameworksBuildPhase;
			buildActionMask = 2147483647;
			files = (
			);
			runOnlyForDeploymentPostprocessing = 0;
		};
/* End PBXFrameworksBuildPhase section */

/* Begin PBXGroup section */
		4D04A8512C7E070B007804E6 = {
			isa = PBXGroup;
			children = (
				4D04A85C2C7E070B007804E6 /* Caritas_iBorregOS */,
				4D04A86D2C7E070E007804E6 /* Caritas_iBorregOSTests */,
				4D04A8772C7E070E007804E6 /* Caritas_iBorregOSUITests */,
				4D04A85B2C7E070B007804E6 /* Products */,
			);
			sourceTree = "<group>";
		};
		4D04A85B2C7E070B007804E6 /* Products */ = {
			isa = PBXGroup;
			children = (
				4D04A85A2C7E070B007804E6 /* Caritas_iBorregOS.app */,
				4D04A86A2C7E070E007804E6 /* Caritas_iBorregOSTests.xctest */,
				4D04A8742C7E070E007804E6 /* Caritas_iBorregOSUITests.xctest */,
			);
			name = Products;
			sourceTree = "<group>";
		};
		4D04A85C2C7E070B007804E6 /* Caritas_iBorregOS */ = {
			isa = PBXGroup;
			children = (
				4D0F67912C88C17900FA65F6 /* ViewModels */,
				4D5960952C7FA9C60056C298 /* Constants */,
				79A8BD412C826B9B00ED59CC /* Models */,
				798304062C7E7C1000BF5233 /* MainViews */,
				4D04A85D2C7E070B007804E6 /* Caritas_iBorregOSApp.swift */,
				4D59604C2C7F5AAC0056C298 /* TabView.swift */,
				4D04A85F2C7E070B007804E6 /* ContentView.swift */,
				4D04A8612C7E070D007804E6 /* Assets.xcassets */,
				4D04A8632C7E070D007804E6 /* Preview Content */,
			);
			path = Caritas_iBorregOS;
			sourceTree = "<group>";
		};
		4D04A8632C7E070D007804E6 /* Preview Content */ = {
			isa = PBXGroup;
			children = (
				4D04A8642C7E070D007804E6 /* Preview Assets.xcassets */,
			);
			path = "Preview Content";
			sourceTree = "<group>";
		};
		4D04A86D2C7E070E007804E6 /* Caritas_iBorregOSTests */ = {
			isa = PBXGroup;
			children = (
				4D04A86E2C7E070E007804E6 /* Caritas_iBorregOSTests.swift */,
			);
			path = Caritas_iBorregOSTests;
			sourceTree = "<group>";
		};
		4D04A8772C7E070E007804E6 /* Caritas_iBorregOSUITests */ = {
			isa = PBXGroup;
			children = (
				4D04A8782C7E070E007804E6 /* Caritas_iBorregOSUITests.swift */,
				4D04A87A2C7E070E007804E6 /* Caritas_iBorregOSUITestsLaunchTests.swift */,
			);
			path = Caritas_iBorregOSUITests;
			sourceTree = "<group>";
		};
		4D0F67912C88C17900FA65F6 /* ViewModels */ = {
			isa = PBXGroup;
			children = (
				4D9F56782CA4A43900C41A4E /* TiendaViewModel.swift */,
				4DF739202CA35DA400BF5788 /* EventosViewModel.swift */,
				79A5C0382CA4BCF800271DEB /* UsuariosViewModel.swift */,
				4D2CDE032CAF374800E2CC26 /* Environment.swift */,
			);
			name = ViewModels;
			path = MainViews/ViewModels;
			sourceTree = "<group>";
		};
		4D5960952C7FA9C60056C298 /* Constants */ = {
			isa = PBXGroup;
			children = (
				4D59604A2C7F5A8B0056C298 /* Colors.swift */,
				790C89222C83C52C0030828B /* obtenRetosTest.swift */,
				790C89242C83C7540030828B /* obtenBeneficiosTest.swift */,
			);
			path = Constants;
			sourceTree = "<group>";
		};
		790C891F2C83C4700030828B /* ListsData */ = {
			isa = PBXGroup;
			children = (
				4D90B03B2C800B0300470D91 /* PesoEnMesesData.swift */,
			);
			path = ListsData;
			sourceTree = "<group>";
		};
		798304062C7E7C1000BF5233 /* MainViews */ = {
			isa = PBXGroup;
			children = (
				4D5960912C7F89B80056C298 /* TiendaView.swift */,
				4D5960932C7F89D60056C298 /* RetosView.swift */,
				7930CF122C7E6B2E008A55C6 /* PerfilView.swift */,
				4D5960422C7E7EBA0056C298 /* EventosView.swift */,
				798330D82C83A0F60054E21A /* ElementViews */,
				798330D92C83A1620054E21A /* SubViews */,
			);
			path = MainViews;
			sourceTree = "<group>";
		};
		798330D82C83A0F60054E21A /* ElementViews */ = {
			isa = PBXGroup;
			children = (
				4D90B03D2C800B4A00470D91 /* PesoAlturaView.swift */,
				79274E952C7E8950006A0E26 /* FotoView.swift */,
				4D59604E2C7F731E0056C298 /* ProgressView.swift */,
				4D5960442C7E7EF30056C298 /* EventCardView.swift */,
				79630D282C83BA60007E94AA /* BeneficioCardView.swift */,
			);
			path = ElementViews;
			sourceTree = "<group>";
		};
		798330D92C83A1620054E21A /* SubViews */ = {
			isa = PBXGroup;
			children = (
				4D9F567A2CA4A49100C41A4E /* BeneficioDetailView.swift */,
				4D2CDE052CB02BF500E2CC26 /* EventDetailView.swift */,
			);
			path = SubViews;
			sourceTree = "<group>";
		};
		798330DA2C83A1A70054E21A /* SQLTableStructs */ = {
			isa = PBXGroup;
			children = (
				798330CF2C839B790054E21A /* USUARIOS.swift */,
				798330D12C839BA60054E21A /* EVENTOS.swift */,
				798330D32C839C3A0054E21A /* BENEFICIOS.swift */,
				798330D52C839CBC0054E21A /* RETOS.swift */,
			);
			path = SQLTableStructs;
			sourceTree = "<group>";
		};
		79A8BD412C826B9B00ED59CC /* Models */ = {
			isa = PBXGroup;
			children = (
				790C891F2C83C4700030828B /* ListsData */,
				798330DA2C83A1A70054E21A /* SQLTableStructs */,
			);
			path = Models;
			sourceTree = "<group>";
		};
/* End PBXGroup section */

/* Begin PBXNativeTarget section */
		4D04A8592C7E070B007804E6 /* Caritas_iBorregOS */ = {
			isa = PBXNativeTarget;
			buildConfigurationList = 4D04A87E2C7E070E007804E6 /* Build configuration list for PBXNativeTarget "Caritas_iBorregOS" */;
			buildPhases = (
				4D04A8562C7E070B007804E6 /* Sources */,
				4D04A8572C7E070B007804E6 /* Frameworks */,
				4D04A8582C7E070B007804E6 /* Resources */,
			);
			buildRules = (
			);
			dependencies = (
			);
			name = Caritas_iBorregOS;
			productName = Caritas_iBorregOS;
			productReference = 4D04A85A2C7E070B007804E6 /* Caritas_iBorregOS.app */;
			productType = "com.apple.product-type.application";
		};
		4D04A8692C7E070E007804E6 /* Caritas_iBorregOSTests */ = {
			isa = PBXNativeTarget;
			buildConfigurationList = 4D04A8812C7E070E007804E6 /* Build configuration list for PBXNativeTarget "Caritas_iBorregOSTests" */;
			buildPhases = (
				4D04A8662C7E070E007804E6 /* Sources */,
				4D04A8672C7E070E007804E6 /* Frameworks */,
				4D04A8682C7E070E007804E6 /* Resources */,
			);
			buildRules = (
			);
			dependencies = (
				4D04A86C2C7E070E007804E6 /* PBXTargetDependency */,
			);
			name = Caritas_iBorregOSTests;
			productName = Caritas_iBorregOSTests;
			productReference = 4D04A86A2C7E070E007804E6 /* Caritas_iBorregOSTests.xctest */;
			productType = "com.apple.product-type.bundle.unit-test";
		};
		4D04A8732C7E070E007804E6 /* Caritas_iBorregOSUITests */ = {
			isa = PBXNativeTarget;
			buildConfigurationList = 4D04A8842C7E070E007804E6 /* Build configuration list for PBXNativeTarget "Caritas_iBorregOSUITests" */;
			buildPhases = (
				4D04A8702C7E070E007804E6 /* Sources */,
				4D04A8712C7E070E007804E6 /* Frameworks */,
				4D04A8722C7E070E007804E6 /* Resources */,
			);
			buildRules = (
			);
			dependencies = (
				4D04A8762C7E070E007804E6 /* PBXTargetDependency */,
			);
			name = Caritas_iBorregOSUITests;
			productName = Caritas_iBorregOSUITests;
			productReference = 4D04A8742C7E070E007804E6 /* Caritas_iBorregOSUITests.xctest */;
			productType = "com.apple.product-type.bundle.ui-testing";
		};
/* End PBXNativeTarget section */

/* Begin PBXProject section */
		4D04A8522C7E070B007804E6 /* Project object */ = {
			isa = PBXProject;
			attributes = {
				BuildIndependentTargetsInParallel = 1;
				LastSwiftUpdateCheck = 1540;
				LastUpgradeCheck = 1540;
				TargetAttributes = {
					4D04A8592C7E070B007804E6 = {
						CreatedOnToolsVersion = 15.4;
					};
					4D04A8692C7E070E007804E6 = {
						CreatedOnToolsVersion = 15.4;
						TestTargetID = 4D04A8592C7E070B007804E6;
					};
					4D04A8732C7E070E007804E6 = {
						CreatedOnToolsVersion = 15.4;
						TestTargetID = 4D04A8592C7E070B007804E6;
					};
				};
			};
			buildConfigurationList = 4D04A8552C7E070B007804E6 /* Build configuration list for PBXProject "Caritas_iBorregOS" */;
			compatibilityVersion = "Xcode 14.0";
			developmentRegion = en;
			hasScannedForEncodings = 0;
			knownRegions = (
				en,
				Base,
			);
			mainGroup = 4D04A8512C7E070B007804E6;
			productRefGroup = 4D04A85B2C7E070B007804E6 /* Products */;
			projectDirPath = "";
			projectRoot = "";
			targets = (
				4D04A8592C7E070B007804E6 /* Caritas_iBorregOS */,
				4D04A8692C7E070E007804E6 /* Caritas_iBorregOSTests */,
				4D04A8732C7E070E007804E6 /* Caritas_iBorregOSUITests */,
			);
		};
/* End PBXProject section */

/* Begin PBXResourcesBuildPhase section */
		4D04A8582C7E070B007804E6 /* Resources */ = {
			isa = PBXResourcesBuildPhase;
			buildActionMask = 2147483647;
			files = (
				4D04A8652C7E070D007804E6 /* Preview Assets.xcassets in Resources */,
				4D04A8622C7E070D007804E6 /* Assets.xcassets in Resources */,
			);
			runOnlyForDeploymentPostprocessing = 0;
		};
		4D04A8682C7E070E007804E6 /* Resources */ = {
			isa = PBXResourcesBuildPhase;
			buildActionMask = 2147483647;
			files = (
			);
			runOnlyForDeploymentPostprocessing = 0;
		};
		4D04A8722C7E070E007804E6 /* Resources */ = {
			isa = PBXResourcesBuildPhase;
			buildActionMask = 2147483647;
			files = (
			);
			runOnlyForDeploymentPostprocessing = 0;
		};
/* End PBXResourcesBuildPhase section */

/* Begin PBXSourcesBuildPhase section */
		4D04A8562C7E070B007804E6 /* Sources */ = {
			isa = PBXSourcesBuildPhase;
			buildActionMask = 2147483647;
			files = (
				79274E962C7E8950006A0E26 /* FotoView.swift in Sources */,
				798330D42C839C3A0054E21A /* BENEFICIOS.swift in Sources */,
				4D5960922C7F89B80056C298 /* TiendaView.swift in Sources */,
				4D5960942C7F89D60056C298 /* RetosView.swift in Sources */,
				790C89232C83C52C0030828B /* obtenRetosTest.swift in Sources */,
				4DF739212CA35DA400BF5788 /* EventosViewModel.swift in Sources */,
				4D5960432C7E7EBA0056C298 /* EventosView.swift in Sources */,
				798330D02C839B790054E21A /* USUARIOS.swift in Sources */,
				79630D292C83BA60007E94AA /* BeneficioCardView.swift in Sources */,
				4D90B03E2C800B4A00470D91 /* PesoAlturaView.swift in Sources */,
				4D59604B2C7F5A8B0056C298 /* Colors.swift in Sources */,
				4D5960452C7E7EF30056C298 /* EventCardView.swift in Sources */,
				4D90B03C2C800B0300470D91 /* PesoEnMesesData.swift in Sources */,
				4D9F567B2CA4A49100C41A4E /* BeneficioDetailView.swift in Sources */,
				4D2CDE062CB02BF500E2CC26 /* EventDetailView.swift in Sources */,
				4D59604D2C7F5AAC0056C298 /* TabView.swift in Sources */,
				4D04A8602C7E070B007804E6 /* ContentView.swift in Sources */,
				790C89252C83C7540030828B /* obtenBeneficiosTest.swift in Sources */,
				798330D22C839BA60054E21A /* EVENTOS.swift in Sources */,
				7930CF132C7E6B2E008A55C6 /* PerfilView.swift in Sources */,
				4D9F56792CA4A43900C41A4E /* TiendaViewModel.swift in Sources */,
				4D2CDE042CAF374800E2CC26 /* Environment.swift in Sources */,
				4D04A85E2C7E070B007804E6 /* Caritas_iBorregOSApp.swift in Sources */,
				4D59604F2C7F731E0056C298 /* ProgressView.swift in Sources */,
				79A5C0392CA4BCF800271DEB /* UsuariosViewModel.swift in Sources */,
				798330D62C839CBC0054E21A /* RETOS.swift in Sources */,
			);
			runOnlyForDeploymentPostprocessing = 0;
		};
		4D04A8662C7E070E007804E6 /* Sources */ = {
			isa = PBXSourcesBuildPhase;
			buildActionMask = 2147483647;
			files = (
				4D04A86F2C7E070E007804E6 /* Caritas_iBorregOSTests.swift in Sources */,
			);
			runOnlyForDeploymentPostprocessing = 0;
		};
		4D04A8702C7E070E007804E6 /* Sources */ = {
			isa = PBXSourcesBuildPhase;
			buildActionMask = 2147483647;
			files = (
				4D04A8792C7E070E007804E6 /* Caritas_iBorregOSUITests.swift in Sources */,
				4D04A87B2C7E070E007804E6 /* Caritas_iBorregOSUITestsLaunchTests.swift in Sources */,
			);
			runOnlyForDeploymentPostprocessing = 0;
		};
/* End PBXSourcesBuildPhase section */

/* Begin PBXTargetDependency section */
		4D04A86C2C7E070E007804E6 /* PBXTargetDependency */ = {
			isa = PBXTargetDependency;
			target = 4D04A8592C7E070B007804E6 /* Caritas_iBorregOS */;
			targetProxy = 4D04A86B2C7E070E007804E6 /* PBXContainerItemProxy */;
		};
		4D04A8762C7E070E007804E6 /* PBXTargetDependency */ = {
			isa = PBXTargetDependency;
			target = 4D04A8592C7E070B007804E6 /* Caritas_iBorregOS */;
			targetProxy = 4D04A8752C7E070E007804E6 /* PBXContainerItemProxy */;
		};
/* End PBXTargetDependency section */

/* Begin XCBuildConfiguration section */
		4D04A87C2C7E070E007804E6 /* Debug */ = {
			isa = XCBuildConfiguration;
			buildSettings = {
				ALWAYS_SEARCH_USER_PATHS = NO;
				ASSETCATALOG_COMPILER_GENERATE_SWIFT_ASSET_SYMBOL_EXTENSIONS = YES;
				CLANG_ANALYZER_NONNULL = YES;
				CLANG_ANALYZER_NUMBER_OBJECT_CONVERSION = YES_AGGRESSIVE;
				CLANG_CXX_LANGUAGE_STANDARD = "gnu++20";
				CLANG_ENABLE_MODULES = YES;
				CLANG_ENABLE_OBJC_ARC = YES;
				CLANG_ENABLE_OBJC_WEAK = YES;
				CLANG_WARN_BLOCK_CAPTURE_AUTORELEASING = YES;
				CLANG_WARN_BOOL_CONVERSION = YES;
				CLANG_WARN_COMMA = YES;
				CLANG_WARN_CONSTANT_CONVERSION = YES;
				CLANG_WARN_DEPRECATED_OBJC_IMPLEMENTATIONS = YES;
				CLANG_WARN_DIRECT_OBJC_ISA_USAGE = YES_ERROR;
				CLANG_WARN_DOCUMENTATION_COMMENTS = YES;
				CLANG_WARN_EMPTY_BODY = YES;
				CLANG_WARN_ENUM_CONVERSION = YES;
				CLANG_WARN_INFINITE_RECURSION = YES;
				CLANG_WARN_INT_CONVERSION = YES;
				CLANG_WARN_NON_LITERAL_NULL_CONVERSION = YES;
				CLANG_WARN_OBJC_IMPLICIT_RETAIN_SELF = YES;
				CLANG_WARN_OBJC_LITERAL_CONVERSION = YES;
				CLANG_WARN_OBJC_ROOT_CLASS = YES_ERROR;
				CLANG_WARN_QUOTED_INCLUDE_IN_FRAMEWORK_HEADER = YES;
				CLANG_WARN_RANGE_LOOP_ANALYSIS = YES;
				CLANG_WARN_STRICT_PROTOTYPES = YES;
				CLANG_WARN_SUSPICIOUS_MOVE = YES;
				CLANG_WARN_UNGUARDED_AVAILABILITY = YES_AGGRESSIVE;
				CLANG_WARN_UNREACHABLE_CODE = YES;
				CLANG_WARN__DUPLICATE_METHOD_MATCH = YES;
				COPY_PHASE_STRIP = NO;
				DEBUG_INFORMATION_FORMAT = dwarf;
				ENABLE_STRICT_OBJC_MSGSEND = YES;
				ENABLE_TESTABILITY = YES;
				ENABLE_USER_SCRIPT_SANDBOXING = YES;
				GCC_C_LANGUAGE_STANDARD = gnu17;
				GCC_DYNAMIC_NO_PIC = NO;
				GCC_NO_COMMON_BLOCKS = YES;
				GCC_OPTIMIZATION_LEVEL = 0;
				GCC_PREPROCESSOR_DEFINITIONS = (
					"DEBUG=1",
					"$(inherited)",
				);
				GCC_WARN_64_TO_32_BIT_CONVERSION = YES;
				GCC_WARN_ABOUT_RETURN_TYPE = YES_ERROR;
				GCC_WARN_UNDECLARED_SELECTOR = YES;
				GCC_WARN_UNINITIALIZED_AUTOS = YES_AGGRESSIVE;
				GCC_WARN_UNUSED_FUNCTION = YES;
				GCC_WARN_UNUSED_VARIABLE = YES;
				IPHONEOS_DEPLOYMENT_TARGET = 17.5;
				LOCALIZATION_PREFERS_STRING_CATALOGS = YES;
				MTL_ENABLE_DEBUG_INFO = INCLUDE_SOURCE;
				MTL_FAST_MATH = YES;
				ONLY_ACTIVE_ARCH = YES;
				SDKROOT = iphoneos;
				SWIFT_ACTIVE_COMPILATION_CONDITIONS = "DEBUG $(inherited)";
				SWIFT_OPTIMIZATION_LEVEL = "-Onone";
			};
			name = Debug;
		};
		4D04A87D2C7E070E007804E6 /* Release */ = {
			isa = XCBuildConfiguration;
			buildSettings = {
				ALWAYS_SEARCH_USER_PATHS = NO;
				ASSETCATALOG_COMPILER_GENERATE_SWIFT_ASSET_SYMBOL_EXTENSIONS = YES;
				CLANG_ANALYZER_NONNULL = YES;
				CLANG_ANALYZER_NUMBER_OBJECT_CONVERSION = YES_AGGRESSIVE;
				CLANG_CXX_LANGUAGE_STANDARD = "gnu++20";
				CLANG_ENABLE_MODULES = YES;
				CLANG_ENABLE_OBJC_ARC = YES;
				CLANG_ENABLE_OBJC_WEAK = YES;
				CLANG_WARN_BLOCK_CAPTURE_AUTORELEASING = YES;
				CLANG_WARN_BOOL_CONVERSION = YES;
				CLANG_WARN_COMMA = YES;
				CLANG_WARN_CONSTANT_CONVERSION = YES;
				CLANG_WARN_DEPRECATED_OBJC_IMPLEMENTATIONS = YES;
				CLANG_WARN_DIRECT_OBJC_ISA_USAGE = YES_ERROR;
				CLANG_WARN_DOCUMENTATION_COMMENTS = YES;
				CLANG_WARN_EMPTY_BODY = YES;
				CLANG_WARN_ENUM_CONVERSION = YES;
				CLANG_WARN_INFINITE_RECURSION = YES;
				CLANG_WARN_INT_CONVERSION = YES;
				CLANG_WARN_NON_LITERAL_NULL_CONVERSION = YES;
				CLANG_WARN_OBJC_IMPLICIT_RETAIN_SELF = YES;
				CLANG_WARN_OBJC_LITERAL_CONVERSION = YES;
				CLANG_WARN_OBJC_ROOT_CLASS = YES_ERROR;
				CLANG_WARN_QUOTED_INCLUDE_IN_FRAMEWORK_HEADER = YES;
				CLANG_WARN_RANGE_LOOP_ANALYSIS = YES;
				CLANG_WARN_STRICT_PROTOTYPES = YES;
				CLANG_WARN_SUSPICIOUS_MOVE = YES;
				CLANG_WARN_UNGUARDED_AVAILABILITY = YES_AGGRESSIVE;
				CLANG_WARN_UNREACHABLE_CODE = YES;
				CLANG_WARN__DUPLICATE_METHOD_MATCH = YES;
				COPY_PHASE_STRIP = NO;
				DEBUG_INFORMATION_FORMAT = "dwarf-with-dsym";
				ENABLE_NS_ASSERTIONS = NO;
				ENABLE_STRICT_OBJC_MSGSEND = YES;
				ENABLE_USER_SCRIPT_SANDBOXING = YES;
				GCC_C_LANGUAGE_STANDARD = gnu17;
				GCC_NO_COMMON_BLOCKS = YES;
				GCC_WARN_64_TO_32_BIT_CONVERSION = YES;
				GCC_WARN_ABOUT_RETURN_TYPE = YES_ERROR;
				GCC_WARN_UNDECLARED_SELECTOR = YES;
				GCC_WARN_UNINITIALIZED_AUTOS = YES_AGGRESSIVE;
				GCC_WARN_UNUSED_FUNCTION = YES;
				GCC_WARN_UNUSED_VARIABLE = YES;
				IPHONEOS_DEPLOYMENT_TARGET = 17.5;
				LOCALIZATION_PREFERS_STRING_CATALOGS = YES;
				MTL_ENABLE_DEBUG_INFO = NO;
				MTL_FAST_MATH = YES;
				SDKROOT = iphoneos;
				SWIFT_COMPILATION_MODE = wholemodule;
				VALIDATE_PRODUCT = YES;
			};
			name = Release;
		};
		4D04A87F2C7E070E007804E6 /* Debug */ = {
			isa = XCBuildConfiguration;
			buildSettings = {
				ASSETCATALOG_COMPILER_APPICON_NAME = AppIcon;
				ASSETCATALOG_COMPILER_GLOBAL_ACCENT_COLOR_NAME = AccentColor;
				CODE_SIGN_STYLE = Automatic;
				CURRENT_PROJECT_VERSION = 1;
				DEVELOPMENT_ASSET_PATHS = "\"Caritas_iBorregOS/Preview Content\"";
				ENABLE_PREVIEWS = YES;
				GENERATE_INFOPLIST_FILE = YES;
				INFOPLIST_KEY_UIApplicationSceneManifest_Generation = YES;
				INFOPLIST_KEY_UIApplicationSupportsIndirectInputEvents = YES;
				INFOPLIST_KEY_UILaunchScreen_Generation = YES;
				INFOPLIST_KEY_UISupportedInterfaceOrientations_iPad = "UIInterfaceOrientationPortrait UIInterfaceOrientationPortraitUpsideDown UIInterfaceOrientationLandscapeLeft UIInterfaceOrientationLandscapeRight";
				INFOPLIST_KEY_UISupportedInterfaceOrientations_iPhone = "UIInterfaceOrientationPortrait UIInterfaceOrientationLandscapeLeft UIInterfaceOrientationLandscapeRight";
				LD_RUNPATH_SEARCH_PATHS = (
					"$(inherited)",
					"@executable_path/Frameworks",
				);
				MARKETING_VERSION = 1.0;
				PRODUCT_BUNDLE_IDENTIFIER = "A01571298.Caritas-iBorregOS";
				PRODUCT_NAME = "$(TARGET_NAME)";
				SWIFT_EMIT_LOC_STRINGS = YES;
				SWIFT_VERSION = 5.0;
				TARGETED_DEVICE_FAMILY = "1,2";
			};
			name = Debug;
		};
		4D04A8802C7E070E007804E6 /* Release */ = {
			isa = XCBuildConfiguration;
			buildSettings = {
				ASSETCATALOG_COMPILER_APPICON_NAME = AppIcon;
				ASSETCATALOG_COMPILER_GLOBAL_ACCENT_COLOR_NAME = AccentColor;
				CODE_SIGN_STYLE = Automatic;
				CURRENT_PROJECT_VERSION = 1;
				DEVELOPMENT_ASSET_PATHS = "\"Caritas_iBorregOS/Preview Content\"";
				ENABLE_PREVIEWS = YES;
				GENERATE_INFOPLIST_FILE = YES;
				INFOPLIST_KEY_UIApplicationSceneManifest_Generation = YES;
				INFOPLIST_KEY_UIApplicationSupportsIndirectInputEvents = YES;
				INFOPLIST_KEY_UILaunchScreen_Generation = YES;
				INFOPLIST_KEY_UISupportedInterfaceOrientations_iPad = "UIInterfaceOrientationPortrait UIInterfaceOrientationPortraitUpsideDown UIInterfaceOrientationLandscapeLeft UIInterfaceOrientationLandscapeRight";
				INFOPLIST_KEY_UISupportedInterfaceOrientations_iPhone = "UIInterfaceOrientationPortrait UIInterfaceOrientationLandscapeLeft UIInterfaceOrientationLandscapeRight";
				LD_RUNPATH_SEARCH_PATHS = (
					"$(inherited)",
					"@executable_path/Frameworks",
				);
				MARKETING_VERSION = 1.0;
				PRODUCT_BUNDLE_IDENTIFIER = "A01571298.Caritas-iBorregOS";
				PRODUCT_NAME = "$(TARGET_NAME)";
				SWIFT_EMIT_LOC_STRINGS = YES;
				SWIFT_VERSION = 5.0;
				TARGETED_DEVICE_FAMILY = "1,2";
			};
			name = Release;
		};
		4D04A8822C7E070E007804E6 /* Debug */ = {
			isa = XCBuildConfiguration;
			buildSettings = {
				ALWAYS_EMBED_SWIFT_STANDARD_LIBRARIES = YES;
				BUNDLE_LOADER = "$(TEST_HOST)";
				CODE_SIGN_STYLE = Automatic;
				CURRENT_PROJECT_VERSION = 1;
				GENERATE_INFOPLIST_FILE = YES;
				IPHONEOS_DEPLOYMENT_TARGET = 17.5;
				MARKETING_VERSION = 1.0;
				PRODUCT_BUNDLE_IDENTIFIER = "A01571298.Caritas-iBorregOSTests";
				PRODUCT_NAME = "$(TARGET_NAME)";
				SWIFT_EMIT_LOC_STRINGS = NO;
				SWIFT_VERSION = 5.0;
				TARGETED_DEVICE_FAMILY = "1,2";
				TEST_HOST = "$(BUILT_PRODUCTS_DIR)/Caritas_iBorregOS.app/$(BUNDLE_EXECUTABLE_FOLDER_PATH)/Caritas_iBorregOS";
			};
			name = Debug;
		};
		4D04A8832C7E070E007804E6 /* Release */ = {
			isa = XCBuildConfiguration;
			buildSettings = {
				ALWAYS_EMBED_SWIFT_STANDARD_LIBRARIES = YES;
				BUNDLE_LOADER = "$(TEST_HOST)";
				CODE_SIGN_STYLE = Automatic;
				CURRENT_PROJECT_VERSION = 1;
				GENERATE_INFOPLIST_FILE = YES;
				IPHONEOS_DEPLOYMENT_TARGET = 17.5;
				MARKETING_VERSION = 1.0;
				PRODUCT_BUNDLE_IDENTIFIER = "A01571298.Caritas-iBorregOSTests";
				PRODUCT_NAME = "$(TARGET_NAME)";
				SWIFT_EMIT_LOC_STRINGS = NO;
				SWIFT_VERSION = 5.0;
				TARGETED_DEVICE_FAMILY = "1,2";
				TEST_HOST = "$(BUILT_PRODUCTS_DIR)/Caritas_iBorregOS.app/$(BUNDLE_EXECUTABLE_FOLDER_PATH)/Caritas_iBorregOS";
			};
			name = Release;
		};
		4D04A8852C7E070E007804E6 /* Debug */ = {
			isa = XCBuildConfiguration;
			buildSettings = {
				ALWAYS_EMBED_SWIFT_STANDARD_LIBRARIES = YES;
				CODE_SIGN_STYLE = Automatic;
				CURRENT_PROJECT_VERSION = 1;
				GENERATE_INFOPLIST_FILE = YES;
				MARKETING_VERSION = 1.0;
				PRODUCT_BUNDLE_IDENTIFIER = "A01571298.Caritas-iBorregOSUITests";
				PRODUCT_NAME = "$(TARGET_NAME)";
				SWIFT_EMIT_LOC_STRINGS = NO;
				SWIFT_VERSION = 5.0;
				TARGETED_DEVICE_FAMILY = "1,2";
				TEST_TARGET_NAME = Caritas_iBorregOS;
			};
			name = Debug;
		};
		4D04A8862C7E070E007804E6 /* Release */ = {
			isa = XCBuildConfiguration;
			buildSettings = {
				ALWAYS_EMBED_SWIFT_STANDARD_LIBRARIES = YES;
				CODE_SIGN_STYLE = Automatic;
				CURRENT_PROJECT_VERSION = 1;
				GENERATE_INFOPLIST_FILE = YES;
				MARKETING_VERSION = 1.0;
				PRODUCT_BUNDLE_IDENTIFIER = "A01571298.Caritas-iBorregOSUITests";
				PRODUCT_NAME = "$(TARGET_NAME)";
				SWIFT_EMIT_LOC_STRINGS = NO;
				SWIFT_VERSION = 5.0;
				TARGETED_DEVICE_FAMILY = "1,2";
				TEST_TARGET_NAME = Caritas_iBorregOS;
			};
			name = Release;
		};
/* End XCBuildConfiguration section */

/* Begin XCConfigurationList section */
		4D04A8552C7E070B007804E6 /* Build configuration list for PBXProject "Caritas_iBorregOS" */ = {
			isa = XCConfigurationList;
			buildConfigurations = (
				4D04A87C2C7E070E007804E6 /* Debug */,
				4D04A87D2C7E070E007804E6 /* Release */,
			);
			defaultConfigurationIsVisible = 0;
			defaultConfigurationName = Release;
		};
		4D04A87E2C7E070E007804E6 /* Build configuration list for PBXNativeTarget "Caritas_iBorregOS" */ = {
			isa = XCConfigurationList;
			buildConfigurations = (
				4D04A87F2C7E070E007804E6 /* Debug */,
				4D04A8802C7E070E007804E6 /* Release */,
			);
			defaultConfigurationIsVisible = 0;
			defaultConfigurationName = Release;
		};
		4D04A8812C7E070E007804E6 /* Build configuration list for PBXNativeTarget "Caritas_iBorregOSTests" */ = {
			isa = XCConfigurationList;
			buildConfigurations = (
				4D04A8822C7E070E007804E6 /* Debug */,
				4D04A8832C7E070E007804E6 /* Release */,
			);
			defaultConfigurationIsVisible = 0;
			defaultConfigurationName = Release;
		};
		4D04A8842C7E070E007804E6 /* Build configuration list for PBXNativeTarget "Caritas_iBorregOSUITests" */ = {
			isa = XCConfigurationList;
			buildConfigurations = (
				4D04A8852C7E070E007804E6 /* Debug */,
				4D04A8862C7E070E007804E6 /* Release */,
			);
			defaultConfigurationIsVisible = 0;
			defaultConfigurationName = Release;
		};
/* End XCConfigurationList section */
	};
	rootObject = 4D04A8522C7E070B007804E6 /* Project object */;
}
